
Microsoft Visual Studio Solution File, Format Version 10.00
# Visual Studio 2008
Project("{F184B08F-C81C-45F6-A57F-5ABD9991F28F}") = "Take Note", "Take Note\Take Note.vbproj", "{6C25B93B-9B78-4A0F-81B4-D603684C9FCB}"
EndProject
Global
	GlobalSection(SolutionConfigurationPlatforms) = preSolution
		Debug|Any CPU = Debug|Any CPU
		Release|Any CPU = Release|Any CPU
	EndGlobalSection
	GlobalSection(ProjectConfigurationPlatforms) = postSolution
		{6C25B93B-9B78-4A0F-81B4-D603684C9FCB}.Debug|Any CPU.ActiveCfg = Debug|Any CPU
		{6C25B93B-9B78-4A0F-81B4-D603684C9FCB}.Debug|Any CPU.Build.0 = Debug|Any CPU
		{6C25B93B-9B78-4A0F-81B4-D603684C9FCB}.Release|Any CPU.ActiveCfg = Release|Any CPU
		{6C25B93B-9B78-4A0F-81B4-D603684C9FCB}.Release|Any CPU.Build.0 = Release|Any CPU
	EndGlobalSection
	GlobalSection(SolutionProperties) = preSolution
		HideSolutionNode = FALSE
	EndGlobalSection
EndGlobal
